// !$*UTF8*$!
{
	archiveVersion = 1;
	classes = {
	};
	objectVersion = 56;
	objects = {

/* Begin PBXBuildFile section */
		E3027D622C80B16700ADBB8A /* HomeViewTabView.swift in Sources */ = {isa = PBXBuildFile; fileRef = E3027D612C80B16700ADBB8A /* HomeViewTabView.swift */; };
		E3027D672C834FC000ADBB8A /* HomeViewSections.swift in Sources */ = {isa = PBXBuildFile; fileRef = E3027D662C834FC000ADBB8A /* HomeViewSections.swift */; };
		E3027D692C83507500ADBB8A /* HomeViewButtons.swift in Sources */ = {isa = PBXBuildFile; fileRef = E3027D682C83507500ADBB8A /* HomeViewButtons.swift */; };
		E3282A522CC79846008F2335 /* AccountSections.swift in Sources */ = {isa = PBXBuildFile; fileRef = E3282A512CC79846008F2335 /* AccountSections.swift */; };
		E3282A542CC798AB008F2335 /* AccountButtons.swift in Sources */ = {isa = PBXBuildFile; fileRef = E3282A532CC798AB008F2335 /* AccountButtons.swift */; };
		E32B86F72C71178A0081C175 /* HomeModel.swift in Sources */ = {isa = PBXBuildFile; fileRef = E32B86F62C71178A0081C175 /* HomeModel.swift */; };
		E32B86FA2C7117AA0081C175 /* HomeViewModel.swift in Sources */ = {isa = PBXBuildFile; fileRef = E32B86F92C7117AA0081C175 /* HomeViewModel.swift */; };
		E32B86FD2C7117BC0081C175 /* HomeService.swift in Sources */ = {isa = PBXBuildFile; fileRef = E32B86FC2C7117BC0081C175 /* HomeService.swift */; };
		E32B87002C71183F0081C175 /* ServiceProtocol.swift in Sources */ = {isa = PBXBuildFile; fileRef = E32B86FF2C71183F0081C175 /* ServiceProtocol.swift */; };
		E32B87022C7201750081C175 /* ViewModelProtocol.swift in Sources */ = {isa = PBXBuildFile; fileRef = E32B87012C7201750081C175 /* ViewModelProtocol.swift */; };
		E34F97EA2C5BF9E20091CD99 /* Colors.xcassets in Resources */ = {isa = PBXBuildFile; fileRef = E34F97E92C5BF9E20091CD99 /* Colors.xcassets */; };
		E34F97EF2C5BFA280091CD99 /* OnboardingView.swift in Sources */ = {isa = PBXBuildFile; fileRef = E34F97EE2C5BFA280091CD99 /* OnboardingView.swift */; };
		E34F97F32C5BFC190091CD99 /* AppTheme.swift in Sources */ = {isa = PBXBuildFile; fileRef = E34F97F22C5BFC190091CD99 /* AppTheme.swift */; };
		E34F97FB2C5C07450091CD99 /* CoreMethods.swift in Sources */ = {isa = PBXBuildFile; fileRef = E34F97FA2C5C07450091CD99 /* CoreMethods.swift */; };
		E35D23FE2C5AAEF400400D42 /* FlightBookingAppApp.swift in Sources */ = {isa = PBXBuildFile; fileRef = E35D23FD2C5AAEF400400D42 /* FlightBookingAppApp.swift */; };
		E35D24022C5AAEF500400D42 /* Assets.xcassets in Resources */ = {isa = PBXBuildFile; fileRef = E35D24012C5AAEF500400D42 /* Assets.xcassets */; };
		E35D24052C5AAEF500400D42 /* Preview Assets.xcassets in Resources */ = {isa = PBXBuildFile; fileRef = E35D24042C5AAEF500400D42 /* Preview Assets.xcassets */; };
		E35D240F2C5AAEF500400D42 /* FlightBookingAppTests.swift in Sources */ = {isa = PBXBuildFile; fileRef = E35D240E2C5AAEF500400D42 /* FlightBookingAppTests.swift */; };
		E35D24192C5AAEF500400D42 /* FlightBookingAppUITests.swift in Sources */ = {isa = PBXBuildFile; fileRef = E35D24182C5AAEF500400D42 /* FlightBookingAppUITests.swift */; };
		E35D241B2C5AAEF500400D42 /* FlightBookingAppUITestsLaunchTests.swift in Sources */ = {isa = PBXBuildFile; fileRef = E35D241A2C5AAEF500400D42 /* FlightBookingAppUITestsLaunchTests.swift */; };
		E367009E2CB4212B004BA128 /* HomeTextFields.swift in Sources */ = {isa = PBXBuildFile; fileRef = E367009D2CB4212B004BA128 /* HomeTextFields.swift */; };
		E36700A42CB427EC004BA128 /* TransactionView.swift in Sources */ = {isa = PBXBuildFile; fileRef = E36700A32CB427EC004BA128 /* TransactionView.swift */; };
		E3880B9C2C60F76B007FADDD /* Inter28pt-Medium.ttf in Resources */ = {isa = PBXBuildFile; fileRef = E3880B9B2C60F76B007FADDD /* Inter28pt-Medium.ttf */; };
		E3880B9D2C60F76E007FADDD /* Inter28pt-Bold.ttf in Resources */ = {isa = PBXBuildFile; fileRef = E3880B9A2C60F75D007FADDD /* Inter28pt-Bold.ttf */; };
		E3880BA12C60F7ED007FADDD /* Inter28pt-Thin.ttf in Resources */ = {isa = PBXBuildFile; fileRef = E3880BA02C60F7ED007FADDD /* Inter28pt-Thin.ttf */; };
		E3880BA52C611A5D007FADDD /* SignInView.swift in Sources */ = {isa = PBXBuildFile; fileRef = E3880BA42C611A5D007FADDD /* SignInView.swift */; };
		E3B006312CE48CF0004CB784 /* SearchFlightsView.swift in Sources */ = {isa = PBXBuildFile; fileRef = E3B006302CE48CF0004CB784 /* SearchFlightsView.swift */; };
		E3C1DC6A2C6648230025446C /* HomeView.swift in Sources */ = {isa = PBXBuildFile; fileRef = E3C1DC692C6648230025446C /* HomeView.swift */; };
		E3E953A02C78B8EC00621FE3 /* AppDatePicker.swift in Sources */ = {isa = PBXBuildFile; fileRef = E3E9539F2C78B8EC00621FE3 /* AppDatePicker.swift */; };
		E3F61F532CBD0682008FD6A5 /* TransactionViewSubviews.swift in Sources */ = {isa = PBXBuildFile; fileRef = E3F61F522CBD0681008FD6A5 /* TransactionViewSubviews.swift */; };
		E3F61F582CBD0D62008FD6A5 /* AccountView.swift in Sources */ = {isa = PBXBuildFile; fileRef = E3F61F572CBD0D62008FD6A5 /* AccountView.swift */; };
/* End PBXBuildFile section */

/* Begin PBXContainerItemProxy section */
		E35D240B2C5AAEF500400D42 /* PBXContainerItemProxy */ = {
			isa = PBXContainerItemProxy;
			containerPortal = E35D23F22C5AAEF400400D42 /* Project object */;
			proxyType = 1;
			remoteGlobalIDString = E35D23F92C5AAEF400400D42;
			remoteInfo = FlightBookingApp;
		};
		E35D24152C5AAEF500400D42 /* PBXContainerItemProxy */ = {
			isa = PBXContainerItemProxy;
			containerPortal = E35D23F22C5AAEF400400D42 /* Project object */;
			proxyType = 1;
			remoteGlobalIDString = E35D23F92C5AAEF400400D42;
			remoteInfo = FlightBookingApp;
		};
/* End PBXContainerItemProxy section */

/* Begin PBXFileReference section */
		E3027D612C80B16700ADBB8A /* HomeViewTabView.swift */ = {isa = PBXFileReference; lastKnownFileType = sourcecode.swift; path = HomeViewTabView.swift; sourceTree = "<group>"; };
		E3027D662C834FC000ADBB8A /* HomeViewSections.swift */ = {isa = PBXFileReference; lastKnownFileType = sourcecode.swift; path = HomeViewSections.swift; sourceTree = "<group>"; };
		E3027D682C83507500ADBB8A /* HomeViewButtons.swift */ = {isa = PBXFileReference; lastKnownFileType = sourcecode.swift; path = HomeViewButtons.swift; sourceTree = "<group>"; };
		E3282A512CC79846008F2335 /* AccountSections.swift */ = {isa = PBXFileReference; lastKnownFileType = sourcecode.swift; path = AccountSections.swift; sourceTree = "<group>"; };
		E3282A532CC798AB008F2335 /* AccountButtons.swift */ = {isa = PBXFileReference; lastKnownFileType = sourcecode.swift; path = AccountButtons.swift; sourceTree = "<group>"; };
		E32B86F62C71178A0081C175 /* HomeModel.swift */ = {isa = PBXFileReference; lastKnownFileType = sourcecode.swift; path = HomeModel.swift; sourceTree = "<group>"; };
		E32B86F92C7117AA0081C175 /* HomeViewModel.swift */ = {isa = PBXFileReference; lastKnownFileType = sourcecode.swift; path = HomeViewModel.swift; sourceTree = "<group>"; };
		E32B86FC2C7117BC0081C175 /* HomeService.swift */ = {isa = PBXFileReference; lastKnownFileType = sourcecode.swift; path = HomeService.swift; sourceTree = "<group>"; };
		E32B86FF2C71183F0081C175 /* ServiceProtocol.swift */ = {isa = PBXFileReference; lastKnownFileType = sourcecode.swift; path = ServiceProtocol.swift; sourceTree = "<group>"; };
		E32B87012C7201750081C175 /* ViewModelProtocol.swift */ = {isa = PBXFileReference; lastKnownFileType = sourcecode.swift; path = ViewModelProtocol.swift; sourceTree = "<group>"; };
		E34F97E92C5BF9E20091CD99 /* Colors.xcassets */ = {isa = PBXFileReference; lastKnownFileType = folder.assetcatalog; path = Colors.xcassets; sourceTree = "<group>"; };
		E34F97EE2C5BFA280091CD99 /* OnboardingView.swift */ = {isa = PBXFileReference; lastKnownFileType = sourcecode.swift; path = OnboardingView.swift; sourceTree = "<group>"; };
		E34F97F22C5BFC190091CD99 /* AppTheme.swift */ = {isa = PBXFileReference; lastKnownFileType = sourcecode.swift; path = AppTheme.swift; sourceTree = "<group>"; };
		E34F97FA2C5C07450091CD99 /* CoreMethods.swift */ = {isa = PBXFileReference; lastKnownFileType = sourcecode.swift; path = CoreMethods.swift; sourceTree = "<group>"; };
		E35D23FA2C5AAEF400400D42 /* FlightBookingApp.app */ = {isa = PBXFileReference; explicitFileType = wrapper.application; includeInIndex = 0; path = FlightBookingApp.app; sourceTree = BUILT_PRODUCTS_DIR; };
		E35D23FD2C5AAEF400400D42 /* FlightBookingAppApp.swift */ = {isa = PBXFileReference; lastKnownFileType = sourcecode.swift; path = FlightBookingAppApp.swift; sourceTree = "<group>"; };
		E35D24012C5AAEF500400D42 /* Assets.xcassets */ = {isa = PBXFileReference; lastKnownFileType = folder.assetcatalog; path = Assets.xcassets; sourceTree = "<group>"; };
		E35D24042C5AAEF500400D42 /* Preview Assets.xcassets */ = {isa = PBXFileReference; lastKnownFileType = folder.assetcatalog; path = "Preview Assets.xcassets"; sourceTree = "<group>"; };
		E35D240A2C5AAEF500400D42 /* FlightBookingAppTests.xctest */ = {isa = PBXFileReference; explicitFileType = wrapper.cfbundle; includeInIndex = 0; path = FlightBookingAppTests.xctest; sourceTree = BUILT_PRODUCTS_DIR; };
		E35D240E2C5AAEF500400D42 /* FlightBookingAppTests.swift */ = {isa = PBXFileReference; lastKnownFileType = sourcecode.swift; path = FlightBookingAppTests.swift; sourceTree = "<group>"; };
		E35D24142C5AAEF500400D42 /* FlightBookingAppUITests.xctest */ = {isa = PBXFileReference; explicitFileType = wrapper.cfbundle; includeInIndex = 0; path = FlightBookingAppUITests.xctest; sourceTree = BUILT_PRODUCTS_DIR; };
		E35D24182C5AAEF500400D42 /* FlightBookingAppUITests.swift */ = {isa = PBXFileReference; lastKnownFileType = sourcecode.swift; path = FlightBookingAppUITests.swift; sourceTree = "<group>"; };
		E35D241A2C5AAEF500400D42 /* FlightBookingAppUITestsLaunchTests.swift */ = {isa = PBXFileReference; lastKnownFileType = sourcecode.swift; path = FlightBookingAppUITestsLaunchTests.swift; sourceTree = "<group>"; };
		E367009D2CB4212B004BA128 /* HomeTextFields.swift */ = {isa = PBXFileReference; lastKnownFileType = sourcecode.swift; path = HomeTextFields.swift; sourceTree = "<group>"; };
		E36700A32CB427EC004BA128 /* TransactionView.swift */ = {isa = PBXFileReference; lastKnownFileType = sourcecode.swift; path = TransactionView.swift; sourceTree = "<group>"; };
		E3880B982C60F2A8007FADDD /* Info.plist */ = {isa = PBXFileReference; fileEncoding = 4; lastKnownFileType = text.plist.xml; path = Info.plist; sourceTree = "<group>"; };
		E3880B9A2C60F75D007FADDD /* Inter28pt-Bold.ttf */ = {isa = PBXFileReference; lastKnownFileType = file; path = "Inter28pt-Bold.ttf"; sourceTree = "<group>"; };
		E3880B9B2C60F76B007FADDD /* Inter28pt-Medium.ttf */ = {isa = PBXFileReference; lastKnownFileType = file; path = "Inter28pt-Medium.ttf"; sourceTree = "<group>"; };
		E3880BA02C60F7ED007FADDD /* Inter28pt-Thin.ttf */ = {isa = PBXFileReference; lastKnownFileType = file; path = "Inter28pt-Thin.ttf"; sourceTree = "<group>"; };
		E3880BA42C611A5D007FADDD /* SignInView.swift */ = {isa = PBXFileReference; lastKnownFileType = sourcecode.swift; path = SignInView.swift; sourceTree = "<group>"; };
		E3B006302CE48CF0004CB784 /* SearchFlightsView.swift */ = {isa = PBXFileReference; lastKnownFileType = sourcecode.swift; path = SearchFlightsView.swift; sourceTree = "<group>"; };
		E3C1DC692C6648230025446C /* HomeView.swift */ = {isa = PBXFileReference; lastKnownFileType = sourcecode.swift; path = HomeView.swift; sourceTree = "<group>"; };
		E3E9539F2C78B8EC00621FE3 /* AppDatePicker.swift */ = {isa = PBXFileReference; lastKnownFileType = sourcecode.swift; path = AppDatePicker.swift; sourceTree = "<group>"; };
		E3F61F522CBD0681008FD6A5 /* TransactionViewSubviews.swift */ = {isa = PBXFileReference; lastKnownFileType = sourcecode.swift; path = TransactionViewSubviews.swift; sourceTree = "<group>"; };
		E3F61F572CBD0D62008FD6A5 /* AccountView.swift */ = {isa = PBXFileReference; lastKnownFileType = sourcecode.swift; path = AccountView.swift; sourceTree = "<group>"; };
/* End PBXFileReference section */

/* Begin PBXFrameworksBuildPhase section */
		E35D23F72C5AAEF400400D42 /* Frameworks */ = {
			isa = PBXFrameworksBuildPhase;
			buildActionMask = 2147483647;
			files = (
			);
			runOnlyForDeploymentPostprocessing = 0;
		};
		E35D24072C5AAEF500400D42 /* Frameworks */ = {
			isa = PBXFrameworksBuildPhase;
			buildActionMask = 2147483647;
			files = (
			);
			runOnlyForDeploymentPostprocessing = 0;
		};
		E35D24112C5AAEF500400D42 /* Frameworks */ = {
			isa = PBXFrameworksBuildPhase;
			buildActionMask = 2147483647;
			files = (
			);
			runOnlyForDeploymentPostprocessing = 0;
		};
/* End PBXFrameworksBuildPhase section */

/* Begin PBXGroup section */
		E3027D5F2C80B13E00ADBB8A /* Subviews */ = {
			isa = PBXGroup;
			children = (
				E3027D652C834FA500ADBB8A /* Textfields */,
				E3027D642C834F9500ADBB8A /* Buttons */,
				E3027D632C834F8800ADBB8A /* Sections */,
				E3027D602C80B14600ADBB8A /* Tabview */,
			);
			path = Subviews;
			sourceTree = "<group>";
		};
		E3027D602C80B14600ADBB8A /* Tabview */ = {
			isa = PBXGroup;
			children = (
				E3027D612C80B16700ADBB8A /* HomeViewTabView.swift */,
			);
			path = Tabview;
			sourceTree = "<group>";
		};
		E3027D632C834F8800ADBB8A /* Sections */ = {
			isa = PBXGroup;
			children = (
				E3027D662C834FC000ADBB8A /* HomeViewSections.swift */,
			);
			path = Sections;
			sourceTree = "<group>";
		};
		E3027D642C834F9500ADBB8A /* Buttons */ = {
			isa = PBXGroup;
			children = (
				E3027D682C83507500ADBB8A /* HomeViewButtons.swift */,
			);
			path = Buttons;
			sourceTree = "<group>";
		};
		E3027D652C834FA500ADBB8A /* Textfields */ = {
			isa = PBXGroup;
			children = (
				E367009D2CB4212B004BA128 /* HomeTextFields.swift */,
			);
			path = Textfields;
			sourceTree = "<group>";
		};
		E3282A502CC797F0008F2335 /* Subviews */ = {
			isa = PBXGroup;
			children = (
				E3282A512CC79846008F2335 /* AccountSections.swift */,
				E3282A532CC798AB008F2335 /* AccountButtons.swift */,
			);
			path = Subviews;
			sourceTree = "<group>";
		};
		E32B86F42C7117750081C175 /* Service */ = {
			isa = PBXGroup;
			children = (
				E32B86FC2C7117BC0081C175 /* HomeService.swift */,
			);
			path = Service;
			sourceTree = "<group>";
		};
		E32B86F52C71177E0081C175 /* Model */ = {
			isa = PBXGroup;
			children = (
				E32B86F62C71178A0081C175 /* HomeModel.swift */,
			);
			path = Model;
			sourceTree = "<group>";
		};
		E32B86F82C71179D0081C175 /* ViewModel */ = {
			isa = PBXGroup;
			children = (
				E32B86F92C7117AA0081C175 /* HomeViewModel.swift */,
			);
			path = ViewModel;
			sourceTree = "<group>";
		};
		E32B86FE2C7118310081C175 /* Protocols */ = {
			isa = PBXGroup;
			children = (
				E32B86FF2C71183F0081C175 /* ServiceProtocol.swift */,
				E32B87012C7201750081C175 /* ViewModelProtocol.swift */,
			);
			path = Protocols;
			sourceTree = "<group>";
		};
		E34F97E52C5BF97C0091CD99 /* Resources */ = {
			isa = PBXGroup;
			children = (
				E35D24012C5AAEF500400D42 /* Assets.xcassets */,
				E34F97E62C5BF9880091CD99 /* Fonts */,
				E34F97E92C5BF9E20091CD99 /* Colors.xcassets */,
			);
			path = Resources;
			sourceTree = "<group>";
		};
		E34F97E62C5BF9880091CD99 /* Fonts */ = {
			isa = PBXGroup;
			children = (
				E3880BA02C60F7ED007FADDD /* Inter28pt-Thin.ttf */,
				E3880B9B2C60F76B007FADDD /* Inter28pt-Medium.ttf */,
				E3880B9A2C60F75D007FADDD /* Inter28pt-Bold.ttf */,
			);
			path = Fonts;
			sourceTree = "<group>";
		};
		E34F97EB2C5BFA050091CD99 /* Screens */ = {
			isa = PBXGroup;
			children = (
				E3B0062D2CE48CC2004CB784 /* SearchFlights */,
				E3F61F552CBD0D4C008FD6A5 /* Account */,
				E36700A12CB427B6004BA128 /* Transaction */,
				E3C1DC672C66480D0025446C /* Home */,
				E3880BA22C611A35007FADDD /* SignIn */,
				E34F97EC2C5BFA110091CD99 /* Onboarding */,
			);
			path = Screens;
			sourceTree = "<group>";
		};
		E34F97EC2C5BFA110091CD99 /* Onboarding */ = {
			isa = PBXGroup;
			children = (
				E34F97ED2C5BFA180091CD99 /* View */,
			);
			path = Onboarding;
			sourceTree = "<group>";
		};
		E34F97ED2C5BFA180091CD99 /* View */ = {
			isa = PBXGroup;
			children = (
				E34F97EE2C5BFA280091CD99 /* OnboardingView.swift */,
			);
			path = View;
			sourceTree = "<group>";
		};
		E34F97F12C5BFBE80091CD99 /* Theme */ = {
			isa = PBXGroup;
			children = (
				E34F97F22C5BFC190091CD99 /* AppTheme.swift */,
			);
			path = Theme;
			sourceTree = "<group>";
		};
		E34F97F82C5C071F0091CD99 /* Core */ = {
			isa = PBXGroup;
			children = (
				E3E9539C2C78B88E00621FE3 /* Subviews */,
				E32B86FE2C7118310081C175 /* Protocols */,
				E34F97F92C5C07360091CD99 /* Methods */,
			);
			path = Core;
			sourceTree = "<group>";
		};
		E34F97F92C5C07360091CD99 /* Methods */ = {
			isa = PBXGroup;
			children = (
				E34F97FA2C5C07450091CD99 /* CoreMethods.swift */,
			);
			path = Methods;
			sourceTree = "<group>";
		};
		E35D23F12C5AAEF400400D42 = {
			isa = PBXGroup;
			children = (
				E35D23FC2C5AAEF400400D42 /* FlightBookingApp */,
				E35D240D2C5AAEF500400D42 /* FlightBookingAppTests */,
				E35D24172C5AAEF500400D42 /* FlightBookingAppUITests */,
				E35D23FB2C5AAEF400400D42 /* Products */,
			);
			sourceTree = "<group>";
		};
		E35D23FB2C5AAEF400400D42 /* Products */ = {
			isa = PBXGroup;
			children = (
				E35D23FA2C5AAEF400400D42 /* FlightBookingApp.app */,
				E35D240A2C5AAEF500400D42 /* FlightBookingAppTests.xctest */,
				E35D24142C5AAEF500400D42 /* FlightBookingAppUITests.xctest */,
			);
			name = Products;
			sourceTree = "<group>";
		};
		E35D23FC2C5AAEF400400D42 /* FlightBookingApp */ = {
			isa = PBXGroup;
			children = (
				E3880B982C60F2A8007FADDD /* Info.plist */,
				E35D23FD2C5AAEF400400D42 /* FlightBookingAppApp.swift */,
				E34F97F82C5C071F0091CD99 /* Core */,
				E35D24032C5AAEF500400D42 /* Preview Content */,
				E34F97E52C5BF97C0091CD99 /* Resources */,
				E34F97EB2C5BFA050091CD99 /* Screens */,
				E34F97F12C5BFBE80091CD99 /* Theme */,
			);
			path = FlightBookingApp;
			sourceTree = "<group>";
		};
		E35D24032C5AAEF500400D42 /* Preview Content */ = {
			isa = PBXGroup;
			children = (
				E35D24042C5AAEF500400D42 /* Preview Assets.xcassets */,
			);
			path = "Preview Content";
			sourceTree = "<group>";
		};
		E35D240D2C5AAEF500400D42 /* FlightBookingAppTests */ = {
			isa = PBXGroup;
			children = (
				E35D240E2C5AAEF500400D42 /* FlightBookingAppTests.swift */,
			);
			path = FlightBookingAppTests;
			sourceTree = "<group>";
		};
		E35D24172C5AAEF500400D42 /* FlightBookingAppUITests */ = {
			isa = PBXGroup;
			children = (
				E35D24182C5AAEF500400D42 /* FlightBookingAppUITests.swift */,
				E35D241A2C5AAEF500400D42 /* FlightBookingAppUITestsLaunchTests.swift */,
			);
			path = FlightBookingAppUITests;
			sourceTree = "<group>";
		};
		E36700A12CB427B6004BA128 /* Transaction */ = {
			isa = PBXGroup;
			children = (
				E36700A22CB427DC004BA128 /* View */,
			);
			path = Transaction;
			sourceTree = "<group>";
		};
		E36700A22CB427DC004BA128 /* View */ = {
			isa = PBXGroup;
			children = (
				E3F61F502CBD0613008FD6A5 /* Subviews */,
				E36700A32CB427EC004BA128 /* TransactionView.swift */,
			);
			path = View;
			sourceTree = "<group>";
		};
		E3880BA22C611A35007FADDD /* SignIn */ = {
			isa = PBXGroup;
			children = (
				E3880BA32C611A42007FADDD /* View */,
			);
			path = SignIn;
			sourceTree = "<group>";
		};
		E3880BA32C611A42007FADDD /* View */ = {
			isa = PBXGroup;
			children = (
				E3880BA42C611A5D007FADDD /* SignInView.swift */,
			);
			path = View;
			sourceTree = "<group>";
		};
		E3B0062D2CE48CC2004CB784 /* SearchFlights */ = {
			isa = PBXGroup;
			children = (
				E3B006352CE48D1F004CB784 /* Service */,
				E3B006332CE48CFC004CB784 /* ViewModel */,
				E3B006322CE48CF4004CB784 /* Model */,
				E3B006342CE48D13004CB784 /* View */,
			);
			path = SearchFlights;
			sourceTree = "<group>";
		};
		E3B006322CE48CF4004CB784 /* Model */ = {
			isa = PBXGroup;
			children = (
			);
			path = Model;
			sourceTree = "<group>";
		};
		E3B006332CE48CFC004CB784 /* ViewModel */ = {
			isa = PBXGroup;
			children = (
			);
			path = ViewModel;
			sourceTree = "<group>";
		};
		E3B006342CE48D13004CB784 /* View */ = {
			isa = PBXGroup;
			children = (
				E3B006302CE48CF0004CB784 /* SearchFlightsView.swift */,
			);
			path = View;
			sourceTree = "<group>";
		};
		E3B006352CE48D1F004CB784 /* Service */ = {
			isa = PBXGroup;
			children = (
			);
			path = Service;
			sourceTree = "<group>";
		};
		E3C1DC672C66480D0025446C /* Home */ = {
			isa = PBXGroup;
			children = (
				E32B86F82C71179D0081C175 /* ViewModel */,
				E32B86F52C71177E0081C175 /* Model */,
				E32B86F42C7117750081C175 /* Service */,
				E3C1DC682C6648140025446C /* View */,
			);
			path = Home;
			sourceTree = "<group>";
		};
		E3C1DC682C6648140025446C /* View */ = {
			isa = PBXGroup;
			children = (
				E3027D5F2C80B13E00ADBB8A /* Subviews */,
				E3C1DC692C6648230025446C /* HomeView.swift */,
			);
			path = View;
			sourceTree = "<group>";
		};
		E3E9539C2C78B88E00621FE3 /* Subviews */ = {
			isa = PBXGroup;
			children = (
				E3E9539F2C78B8EC00621FE3 /* AppDatePicker.swift */,
			);
			path = Subviews;
			sourceTree = "<group>";
		};
		E3F61F502CBD0613008FD6A5 /* Subviews */ = {
			isa = PBXGroup;
			children = (
				E3F61F522CBD0681008FD6A5 /* TransactionViewSubviews.swift */,
			);
			path = Subviews;
			sourceTree = "<group>";
		};
		E3F61F552CBD0D4C008FD6A5 /* Account */ = {
			isa = PBXGroup;
			children = (
				E3F61F562CBD0D54008FD6A5 /* View */,
			);
			path = Account;
			sourceTree = "<group>";
		};
		E3F61F562CBD0D54008FD6A5 /* View */ = {
			isa = PBXGroup;
			children = (
				E3282A502CC797F0008F2335 /* Subviews */,
				E3F61F572CBD0D62008FD6A5 /* AccountView.swift */,
			);
			path = View;
			sourceTree = "<group>";
		};
/* End PBXGroup section */

/* Begin PBXNativeTarget section */
		E35D23F92C5AAEF400400D42 /* FlightBookingApp */ = {
			isa = PBXNativeTarget;
			buildConfigurationList = E35D241E2C5AAEF500400D42 /* Build configuration list for PBXNativeTarget "FlightBookingApp" */;
			buildPhases = (
				E35D23F62C5AAEF400400D42 /* Sources */,
				E35D23F72C5AAEF400400D42 /* Frameworks */,
				E35D23F82C5AAEF400400D42 /* Resources */,
			);
			buildRules = (
			);
			dependencies = (
			);
			name = FlightBookingApp;
			productName = FlightBookingApp;
			productReference = E35D23FA2C5AAEF400400D42 /* FlightBookingApp.app */;
			productType = "com.apple.product-type.application";
		};
		E35D24092C5AAEF500400D42 /* FlightBookingAppTests */ = {
			isa = PBXNativeTarget;
			buildConfigurationList = E35D24212C5AAEF500400D42 /* Build configuration list for PBXNativeTarget "FlightBookingAppTests" */;
			buildPhases = (
				E35D24062C5AAEF500400D42 /* Sources */,
				E35D24072C5AAEF500400D42 /* Frameworks */,
				E35D24082C5AAEF500400D42 /* Resources */,
			);
			buildRules = (
			);
			dependencies = (
				E35D240C2C5AAEF500400D42 /* PBXTargetDependency */,
			);
			name = FlightBookingAppTests;
			productName = FlightBookingAppTests;
			productReference = E35D240A2C5AAEF500400D42 /* FlightBookingAppTests.xctest */;
			productType = "com.apple.product-type.bundle.unit-test";
		};
		E35D24132C5AAEF500400D42 /* FlightBookingAppUITests */ = {
			isa = PBXNativeTarget;
			buildConfigurationList = E35D24242C5AAEF500400D42 /* Build configuration list for PBXNativeTarget "FlightBookingAppUITests" */;
			buildPhases = (
				E35D24102C5AAEF500400D42 /* Sources */,
				E35D24112C5AAEF500400D42 /* Frameworks */,
				E35D24122C5AAEF500400D42 /* Resources */,
			);
			buildRules = (
			);
			dependencies = (
				E35D24162C5AAEF500400D42 /* PBXTargetDependency */,
			);
			name = FlightBookingAppUITests;
			productName = FlightBookingAppUITests;
			productReference = E35D24142C5AAEF500400D42 /* FlightBookingAppUITests.xctest */;
			productType = "com.apple.product-type.bundle.ui-testing";
		};
/* End PBXNativeTarget section */

/* Begin PBXProject section */
		E35D23F22C5AAEF400400D42 /* Project object */ = {
			isa = PBXProject;
			attributes = {
				BuildIndependentTargetsInParallel = 1;
				LastSwiftUpdateCheck = 1540;
				LastUpgradeCheck = 1600;
				TargetAttributes = {
					E35D23F92C5AAEF400400D42 = {
						CreatedOnToolsVersion = 15.4;
					};
					E35D24092C5AAEF500400D42 = {
						CreatedOnToolsVersion = 15.4;
						TestTargetID = E35D23F92C5AAEF400400D42;
					};
					E35D24132C5AAEF500400D42 = {
						CreatedOnToolsVersion = 15.4;
						TestTargetID = E35D23F92C5AAEF400400D42;
					};
				};
			};
			buildConfigurationList = E35D23F52C5AAEF400400D42 /* Build configuration list for PBXProject "FlightBookingApp" */;
			compatibilityVersion = "Xcode 14.0";
			developmentRegion = en;
			hasScannedForEncodings = 0;
			knownRegions = (
				en,
				Base,
			);
			mainGroup = E35D23F12C5AAEF400400D42;
			productRefGroup = E35D23FB2C5AAEF400400D42 /* Products */;
			projectDirPath = "";
			projectRoot = "";
			targets = (
				E35D23F92C5AAEF400400D42 /* FlightBookingApp */,
				E35D24092C5AAEF500400D42 /* FlightBookingAppTests */,
				E35D24132C5AAEF500400D42 /* FlightBookingAppUITests */,
			);
		};
/* End PBXProject section */

/* Begin PBXResourcesBuildPhase section */
		E35D23F82C5AAEF400400D42 /* Resources */ = {
			isa = PBXResourcesBuildPhase;
			buildActionMask = 2147483647;
			files = (
				E34F97EA2C5BF9E20091CD99 /* Colors.xcassets in Resources */,
				E3880B9D2C60F76E007FADDD /* Inter28pt-Bold.ttf in Resources */,
				E35D24052C5AAEF500400D42 /* Preview Assets.xcassets in Resources */,
				E3880BA12C60F7ED007FADDD /* Inter28pt-Thin.ttf in Resources */,
				E3880B9C2C60F76B007FADDD /* Inter28pt-Medium.ttf in Resources */,
				E35D24022C5AAEF500400D42 /* Assets.xcassets in Resources */,
			);
			runOnlyForDeploymentPostprocessing = 0;
		};
		E35D24082C5AAEF500400D42 /* Resources */ = {
			isa = PBXResourcesBuildPhase;
			buildActionMask = 2147483647;
			files = (
			);
			runOnlyForDeploymentPostprocessing = 0;
		};
		E35D24122C5AAEF500400D42 /* Resources */ = {
			isa = PBXResourcesBuildPhase;
			buildActionMask = 2147483647;
			files = (
			);
			runOnlyForDeploymentPostprocessing = 0;
		};
/* End PBXResourcesBuildPhase section */

/* Begin PBXSourcesBuildPhase section */
		E35D23F62C5AAEF400400D42 /* Sources */ = {
			isa = PBXSourcesBuildPhase;
			buildActionMask = 2147483647;
			files = (
				E367009E2CB4212B004BA128 /* HomeTextFields.swift in Sources */,
				E3282A522CC79846008F2335 /* AccountSections.swift in Sources */,
				E34F97F32C5BFC190091CD99 /* AppTheme.swift in Sources */,
				E32B86FD2C7117BC0081C175 /* HomeService.swift in Sources */,
				E35D23FE2C5AAEF400400D42 /* FlightBookingAppApp.swift in Sources */,
				E34F97EF2C5BFA280091CD99 /* OnboardingView.swift in Sources */,
				E32B86FA2C7117AA0081C175 /* HomeViewModel.swift in Sources */,
				E32B86F72C71178A0081C175 /* HomeModel.swift in Sources */,
				E3282A542CC798AB008F2335 /* AccountButtons.swift in Sources */,
				E3027D622C80B16700ADBB8A /* HomeViewTabView.swift in Sources */,
				E3C1DC6A2C6648230025446C /* HomeView.swift in Sources */,
				E3F61F532CBD0682008FD6A5 /* TransactionViewSubviews.swift in Sources */,
				E3B006312CE48CF0004CB784 /* SearchFlightsView.swift in Sources */,
				E3E953A02C78B8EC00621FE3 /* AppDatePicker.swift in Sources */,
				E3027D672C834FC000ADBB8A /* HomeViewSections.swift in Sources */,
				E3027D692C83507500ADBB8A /* HomeViewButtons.swift in Sources */,
				E3F61F582CBD0D62008FD6A5 /* AccountView.swift in Sources */,
				E32B87022C7201750081C175 /* ViewModelProtocol.swift in Sources */,
				E36700A42CB427EC004BA128 /* TransactionView.swift in Sources */,
				E3880BA52C611A5D007FADDD /* SignInView.swift in Sources */,
				E34F97FB2C5C07450091CD99 /* CoreMethods.swift in Sources */,
				E32B87002C71183F0081C175 /* ServiceProtocol.swift in Sources */,
			);
			runOnlyForDeploymentPostprocessing = 0;
		};
		E35D24062C5AAEF500400D42 /* Sources */ = {
			isa = PBXSourcesBuildPhase;
			buildActionMask = 2147483647;
			files = (
				E35D240F2C5AAEF500400D42 /* FlightBookingAppTests.swift in Sources */,
			);
			runOnlyForDeploymentPostprocessing = 0;
		};
		E35D24102C5AAEF500400D42 /* Sources */ = {
			isa = PBXSourcesBuildPhase;
			buildActionMask = 2147483647;
			files = (
				E35D241B2C5AAEF500400D42 /* FlightBookingAppUITestsLaunchTests.swift in Sources */,
				E35D24192C5AAEF500400D42 /* FlightBookingAppUITests.swift in Sources */,
			);
			runOnlyForDeploymentPostprocessing = 0;
		};
/* End PBXSourcesBuildPhase section */

/* Begin PBXTargetDependency section */
		E35D240C2C5AAEF500400D42 /* PBXTargetDependency */ = {
			isa = PBXTargetDependency;
			target = E35D23F92C5AAEF400400D42 /* FlightBookingApp */;
			targetProxy = E35D240B2C5AAEF500400D42 /* PBXContainerItemProxy */;
		};
		E35D24162C5AAEF500400D42 /* PBXTargetDependency */ = {
			isa = PBXTargetDependency;
			target = E35D23F92C5AAEF400400D42 /* FlightBookingApp */;
			targetProxy = E35D24152C5AAEF500400D42 /* PBXContainerItemProxy */;
		};
/* End PBXTargetDependency section */

/* Begin XCBuildConfiguration section */
		E35D241C2C5AAEF500400D42 /* Debug */ = {
			isa = XCBuildConfiguration;
			buildSettings = {
				ALWAYS_SEARCH_USER_PATHS = NO;
				ASSETCATALOG_COMPILER_GENERATE_SWIFT_ASSET_SYMBOL_EXTENSIONS = YES;
				CLANG_ANALYZER_NONNULL = YES;
				CLANG_ANALYZER_NUMBER_OBJECT_CONVERSION = YES_AGGRESSIVE;
				CLANG_CXX_LANGUAGE_STANDARD = "gnu++20";
				CLANG_ENABLE_MODULES = YES;
				CLANG_ENABLE_OBJC_ARC = YES;
				CLANG_ENABLE_OBJC_WEAK = YES;
				CLANG_WARN_BLOCK_CAPTURE_AUTORELEASING = YES;
				CLANG_WARN_BOOL_CONVERSION = YES;
				CLANG_WARN_COMMA = YES;
				CLANG_WARN_CONSTANT_CONVERSION = YES;
				CLANG_WARN_DEPRECATED_OBJC_IMPLEMENTATIONS = YES;
				CLANG_WARN_DIRECT_OBJC_ISA_USAGE = YES_ERROR;
				CLANG_WARN_DOCUMENTATION_COMMENTS = YES;
				CLANG_WARN_EMPTY_BODY = YES;
				CLANG_WARN_ENUM_CONVERSION = YES;
				CLANG_WARN_INFINITE_RECURSION = YES;
				CLANG_WARN_INT_CONVERSION = YES;
				CLANG_WARN_NON_LITERAL_NULL_CONVERSION = YES;
				CLANG_WARN_OBJC_IMPLICIT_RETAIN_SELF = YES;
				CLANG_WARN_OBJC_LITERAL_CONVERSION = YES;
				CLANG_WARN_OBJC_ROOT_CLASS = YES_ERROR;
				CLANG_WARN_QUOTED_INCLUDE_IN_FRAMEWORK_HEADER = YES;
				CLANG_WARN_RANGE_LOOP_ANALYSIS = YES;
				CLANG_WARN_STRICT_PROTOTYPES = YES;
				CLANG_WARN_SUSPICIOUS_MOVE = YES;
				CLANG_WARN_UNGUARDED_AVAILABILITY = YES_AGGRESSIVE;
				CLANG_WARN_UNREACHABLE_CODE = YES;
				CLANG_WARN__DUPLICATE_METHOD_MATCH = YES;
				COPY_PHASE_STRIP = NO;
				DEBUG_INFORMATION_FORMAT = dwarf;
				ENABLE_STRICT_OBJC_MSGSEND = YES;
				ENABLE_TESTABILITY = YES;
				ENABLE_USER_SCRIPT_SANDBOXING = YES;
				GCC_C_LANGUAGE_STANDARD = gnu17;
				GCC_DYNAMIC_NO_PIC = NO;
				GCC_NO_COMMON_BLOCKS = YES;
				GCC_OPTIMIZATION_LEVEL = 0;
				GCC_PREPROCESSOR_DEFINITIONS = (
					"DEBUG=1",
					"$(inherited)",
				);
				GCC_WARN_64_TO_32_BIT_CONVERSION = YES;
				GCC_WARN_ABOUT_RETURN_TYPE = YES_ERROR;
				GCC_WARN_UNDECLARED_SELECTOR = YES;
				GCC_WARN_UNINITIALIZED_AUTOS = YES_AGGRESSIVE;
				GCC_WARN_UNUSED_FUNCTION = YES;
				GCC_WARN_UNUSED_VARIABLE = YES;
				IPHONEOS_DEPLOYMENT_TARGET = 17.5;
				LOCALIZATION_PREFERS_STRING_CATALOGS = YES;
				MTL_ENABLE_DEBUG_INFO = INCLUDE_SOURCE;
				MTL_FAST_MATH = YES;
				ONLY_ACTIVE_ARCH = YES;
				SDKROOT = iphoneos;
				SWIFT_ACTIVE_COMPILATION_CONDITIONS = "DEBUG $(inherited)";
				SWIFT_OPTIMIZATION_LEVEL = "-Onone";
			};
			name = Debug;
		};
		E35D241D2C5AAEF500400D42 /* Release */ = {
			isa = XCBuildConfiguration;
			buildSettings = {
				ALWAYS_SEARCH_USER_PATHS = NO;
				ASSETCATALOG_COMPILER_GENERATE_SWIFT_ASSET_SYMBOL_EXTENSIONS = YES;
				CLANG_ANALYZER_NONNULL = YES;
				CLANG_ANALYZER_NUMBER_OBJECT_CONVERSION = YES_AGGRESSIVE;
				CLANG_CXX_LANGUAGE_STANDARD = "gnu++20";
				CLANG_ENABLE_MODULES = YES;
				CLANG_ENABLE_OBJC_ARC = YES;
				CLANG_ENABLE_OBJC_WEAK = YES;
				CLANG_WARN_BLOCK_CAPTURE_AUTORELEASING = YES;
				CLANG_WARN_BOOL_CONVERSION = YES;
				CLANG_WARN_COMMA = YES;
				CLANG_WARN_CONSTANT_CONVERSION = YES;
				CLANG_WARN_DEPRECATED_OBJC_IMPLEMENTATIONS = YES;
				CLANG_WARN_DIRECT_OBJC_ISA_USAGE = YES_ERROR;
				CLANG_WARN_DOCUMENTATION_COMMENTS = YES;
				CLANG_WARN_EMPTY_BODY = YES;
				CLANG_WARN_ENUM_CONVERSION = YES;
				CLANG_WARN_INFINITE_RECURSION = YES;
				CLANG_WARN_INT_CONVERSION = YES;
				CLANG_WARN_NON_LITERAL_NULL_CONVERSION = YES;
				CLANG_WARN_OBJC_IMPLICIT_RETAIN_SELF = YES;
				CLANG_WARN_OBJC_LITERAL_CONVERSION = YES;
				CLANG_WARN_OBJC_ROOT_CLASS = YES_ERROR;
				CLANG_WARN_QUOTED_INCLUDE_IN_FRAMEWORK_HEADER = YES;
				CLANG_WARN_RANGE_LOOP_ANALYSIS = YES;
				CLANG_WARN_STRICT_PROTOTYPES = YES;
				CLANG_WARN_SUSPICIOUS_MOVE = YES;
				CLANG_WARN_UNGUARDED_AVAILABILITY = YES_AGGRESSIVE;
				CLANG_WARN_UNREACHABLE_CODE = YES;
				CLANG_WARN__DUPLICATE_METHOD_MATCH = YES;
				COPY_PHASE_STRIP = NO;
				DEBUG_INFORMATION_FORMAT = "dwarf-with-dsym";
				ENABLE_NS_ASSERTIONS = NO;
				ENABLE_STRICT_OBJC_MSGSEND = YES;
				ENABLE_USER_SCRIPT_SANDBOXING = YES;
				GCC_C_LANGUAGE_STANDARD = gnu17;
				GCC_NO_COMMON_BLOCKS = YES;
				GCC_WARN_64_TO_32_BIT_CONVERSION = YES;
				GCC_WARN_ABOUT_RETURN_TYPE = YES_ERROR;
				GCC_WARN_UNDECLARED_SELECTOR = YES;
				GCC_WARN_UNINITIALIZED_AUTOS = YES_AGGRESSIVE;
				GCC_WARN_UNUSED_FUNCTION = YES;
				GCC_WARN_UNUSED_VARIABLE = YES;
				IPHONEOS_DEPLOYMENT_TARGET = 17.5;
				LOCALIZATION_PREFERS_STRING_CATALOGS = YES;
				MTL_ENABLE_DEBUG_INFO = NO;
				MTL_FAST_MATH = YES;
				SDKROOT = iphoneos;
				SWIFT_COMPILATION_MODE = wholemodule;
				VALIDATE_PRODUCT = YES;
			};
			name = Release;
		};
		E35D241F2C5AAEF500400D42 /* Debug */ = {
			isa = XCBuildConfiguration;
			buildSettings = {
				ASSETCATALOG_COMPILER_APPICON_NAME = AppIcon;
				ASSETCATALOG_COMPILER_GLOBAL_ACCENT_COLOR_NAME = AccentColor;
				CODE_SIGN_STYLE = Automatic;
				CURRENT_PROJECT_VERSION = 1;
				DEVELOPMENT_ASSET_PATHS = "\"FlightBookingApp/Preview Content\"";
				DEVELOPMENT_TEAM = X6S9N9K4MZ;
				ENABLE_PREVIEWS = YES;
				GENERATE_INFOPLIST_FILE = YES;
				INFOPLIST_FILE = FlightBookingApp/Info.plist;
				INFOPLIST_KEY_UIApplicationSceneManifest_Generation = YES;
				INFOPLIST_KEY_UIApplicationSupportsIndirectInputEvents = YES;
				INFOPLIST_KEY_UILaunchScreen_Generation = YES;
				INFOPLIST_KEY_UISupportedInterfaceOrientations_iPad = "UIInterfaceOrientationPortrait UIInterfaceOrientationPortraitUpsideDown UIInterfaceOrientationLandscapeLeft UIInterfaceOrientationLandscapeRight";
				INFOPLIST_KEY_UISupportedInterfaceOrientations_iPhone = "UIInterfaceOrientationPortrait UIInterfaceOrientationLandscapeLeft UIInterfaceOrientationLandscapeRight";
				LD_RUNPATH_SEARCH_PATHS = (
					"$(inherited)",
					"@executable_path/Frameworks",
				);
				MARKETING_VERSION = 1.0;
				PRODUCT_BUNDLE_IDENTIFIER = ahmetakay.FlightBookingApp;
				PRODUCT_NAME = "$(TARGET_NAME)";
				SWIFT_EMIT_LOC_STRINGS = YES;
				SWIFT_VERSION = 5.0;
				TARGETED_DEVICE_FAMILY = "1,2";
			};
			name = Debug;
		};
		E35D24202C5AAEF500400D42 /* Release */ = {
			isa = XCBuildConfiguration;
			buildSettings = {
				ASSETCATALOG_COMPILER_APPICON_NAME = AppIcon;
				ASSETCATALOG_COMPILER_GLOBAL_ACCENT_COLOR_NAME = AccentColor;
				CODE_SIGN_STYLE = Automatic;
				CURRENT_PROJECT_VERSION = 1;
				DEVELOPMENT_ASSET_PATHS = "\"FlightBookingApp/Preview Content\"";
				DEVELOPMENT_TEAM = X6S9N9K4MZ;
				ENABLE_PREVIEWS = YES;
				GENERATE_INFOPLIST_FILE = YES;
				INFOPLIST_FILE = FlightBookingApp/Info.plist;
				INFOPLIST_KEY_UIApplicationSceneManifest_Generation = YES;
				INFOPLIST_KEY_UIApplicationSupportsIndirectInputEvents = YES;
				INFOPLIST_KEY_UILaunchScreen_Generation = YES;
				INFOPLIST_KEY_UISupportedInterfaceOrientations_iPad = "UIInterfaceOrientationPortrait UIInterfaceOrientationPortraitUpsideDown UIInterfaceOrientationLandscapeLeft UIInterfaceOrientationLandscapeRight";
				INFOPLIST_KEY_UISupportedInterfaceOrientations_iPhone = "UIInterfaceOrientationPortrait UIInterfaceOrientationLandscapeLeft UIInterfaceOrientationLandscapeRight";
				LD_RUNPATH_SEARCH_PATHS = (
					"$(inherited)",
					"@executable_path/Frameworks",
				);
				MARKETING_VERSION = 1.0;
				PRODUCT_BUNDLE_IDENTIFIER = ahmetakay.FlightBookingApp;
				PRODUCT_NAME = "$(TARGET_NAME)";
				SWIFT_EMIT_LOC_STRINGS = YES;
				SWIFT_VERSION = 5.0;
				TARGETED_DEVICE_FAMILY = "1,2";
			};
			name = Release;
		};
		E35D24222C5AAEF500400D42 /* Debug */ = {
			isa = XCBuildConfiguration;
			buildSettings = {
				BUNDLE_LOADER = "$(TEST_HOST)";
				CODE_SIGN_STYLE = Automatic;
				CURRENT_PROJECT_VERSION = 1;
				DEVELOPMENT_TEAM = X6S9N9K4MZ;
				GENERATE_INFOPLIST_FILE = YES;
				IPHONEOS_DEPLOYMENT_TARGET = 17.5;
				MARKETING_VERSION = 1.0;
				PRODUCT_BUNDLE_IDENTIFIER = ahmetakay.FlightBookingAppTests;
				PRODUCT_NAME = "$(TARGET_NAME)";
				SWIFT_EMIT_LOC_STRINGS = NO;
				SWIFT_VERSION = 5.0;
				TARGETED_DEVICE_FAMILY = "1,2";
				TEST_HOST = "$(BUILT_PRODUCTS_DIR)/FlightBookingApp.app/$(BUNDLE_EXECUTABLE_FOLDER_PATH)/FlightBookingApp";
			};
			name = Debug;
		};
		E35D24232C5AAEF500400D42 /* Release */ = {
			isa = XCBuildConfiguration;
			buildSettings = {
				BUNDLE_LOADER = "$(TEST_HOST)";
				CODE_SIGN_STYLE = Automatic;
				CURRENT_PROJECT_VERSION = 1;
				DEVELOPMENT_TEAM = X6S9N9K4MZ;
				GENERATE_INFOPLIST_FILE = YES;
				IPHONEOS_DEPLOYMENT_TARGET = 17.5;
				MARKETING_VERSION = 1.0;
				PRODUCT_BUNDLE_IDENTIFIER = ahmetakay.FlightBookingAppTests;
				PRODUCT_NAME = "$(TARGET_NAME)";
				SWIFT_EMIT_LOC_STRINGS = NO;
				SWIFT_VERSION = 5.0;
				TARGETED_DEVICE_FAMILY = "1,2";
				TEST_HOST = "$(BUILT_PRODUCTS_DIR)/FlightBookingApp.app/$(BUNDLE_EXECUTABLE_FOLDER_PATH)/FlightBookingApp";
			};
			name = Release;
		};
		E35D24252C5AAEF500400D42 /* Debug */ = {
			isa = XCBuildConfiguration;
			buildSettings = {
				CODE_SIGN_STYLE = Automatic;
				CURRENT_PROJECT_VERSION = 1;
				DEVELOPMENT_TEAM = X6S9N9K4MZ;
				GENERATE_INFOPLIST_FILE = YES;
				MARKETING_VERSION = 1.0;
				PRODUCT_BUNDLE_IDENTIFIER = ahmetakay.FlightBookingAppUITests;
				PRODUCT_NAME = "$(TARGET_NAME)";
				SWIFT_EMIT_LOC_STRINGS = NO;
				SWIFT_VERSION = 5.0;
				TARGETED_DEVICE_FAMILY = "1,2";
				TEST_TARGET_NAME = FlightBookingApp;
			};
			name = Debug;
		};
		E35D24262C5AAEF500400D42 /* Release */ = {
			isa = XCBuildConfiguration;
			buildSettings = {
				CODE_SIGN_STYLE = Automatic;
				CURRENT_PROJECT_VERSION = 1;
				DEVELOPMENT_TEAM = X6S9N9K4MZ;
				GENERATE_INFOPLIST_FILE = YES;
				MARKETING_VERSION = 1.0;
				PRODUCT_BUNDLE_IDENTIFIER = ahmetakay.FlightBookingAppUITests;
				PRODUCT_NAME = "$(TARGET_NAME)";
				SWIFT_EMIT_LOC_STRINGS = NO;
				SWIFT_VERSION = 5.0;
				TARGETED_DEVICE_FAMILY = "1,2";
				TEST_TARGET_NAME = FlightBookingApp;
			};
			name = Release;
		};
/* End XCBuildConfiguration section */

/* Begin XCConfigurationList section */
		E35D23F52C5AAEF400400D42 /* Build configuration list for PBXProject "FlightBookingApp" */ = {
			isa = XCConfigurationList;
			buildConfigurations = (
				E35D241C2C5AAEF500400D42 /* Debug */,
				E35D241D2C5AAEF500400D42 /* Release */,
			);
			defaultConfigurationIsVisible = 0;
			defaultConfigurationName = Release;
		};
		E35D241E2C5AAEF500400D42 /* Build configuration list for PBXNativeTarget "FlightBookingApp" */ = {
			isa = XCConfigurationList;
			buildConfigurations = (
				E35D241F2C5AAEF500400D42 /* Debug */,
				E35D24202C5AAEF500400D42 /* Release */,
			);
			defaultConfigurationIsVisible = 0;
			defaultConfigurationName = Release;
		};
		E35D24212C5AAEF500400D42 /* Build configuration list for PBXNativeTarget "FlightBookingAppTests" */ = {
			isa = XCConfigurationList;
			buildConfigurations = (
				E35D24222C5AAEF500400D42 /* Debug */,
				E35D24232C5AAEF500400D42 /* Release */,
			);
			defaultConfigurationIsVisible = 0;
			defaultConfigurationName = Release;
		};
		E35D24242C5AAEF500400D42 /* Build configuration list for PBXNativeTarget "FlightBookingAppUITests" */ = {
			isa = XCConfigurationList;
			buildConfigurations = (
				E35D24252C5AAEF500400D42 /* Debug */,
				E35D24262C5AAEF500400D42 /* Release */,
			);
			defaultConfigurationIsVisible = 0;
			defaultConfigurationName = Release;
		};
/* End XCConfigurationList section */
	};
	rootObject = E35D23F22C5AAEF400400D42 /* Project object */;
}
